// !$*UTF8*$!
{
	archiveVersion = 1;
	classes = {
	};
	objectVersion = 46;
	objects = {

/* Begin PBXBuildFile section */
		C2BC1FF01B539C2500D1A603 /* main.m in Sources */ = {isa = PBXBuildFile; fileRef = C2BC1FEF1B539C2500D1A603 /* main.m */; };
		C2BC1FF31B539C2500D1A603 /* AppDelegate.m in Sources */ = {isa = PBXBuildFile; fileRef = C2BC1FF21B539C2500D1A603 /* AppDelegate.m */; };
		C2BC1FF61B539C2500D1A603 /* ViewController.m in Sources */ = {isa = PBXBuildFile; fileRef = C2BC1FF51B539C2500D1A603 /* ViewController.m */; };
		C2BC1FF91B539C2500D1A603 /* Main.storyboard in Resources */ = {isa = PBXBuildFile; fileRef = C2BC1FF71B539C2500D1A603 /* Main.storyboard */; };
		C2BC1FFB1B539C2500D1A603 /* Images.xcassets in Resources */ = {isa = PBXBuildFile; fileRef = C2BC1FFA1B539C2500D1A603 /* Images.xcassets */; };
		C2BC1FFE1B539C2500D1A603 /* LaunchScreen.xib in Resources */ = {isa = PBXBuildFile; fileRef = C2BC1FFC1B539C2500D1A603 /* LaunchScreen.xib */; };
		C2BC200A1B539C2500D1A603 /* _Tests.m in Sources */ = {isa = PBXBuildFile; fileRef = C2BC20091B539C2500D1A603 /* _Tests.m */; };
/* End PBXBuildFile section */

/* Begin PBXContainerItemProxy section */
		C2BC20041B539C2500D1A603 /* PBXContainerItemProxy */ = {
			isa = PBXContainerItemProxy;
			containerPortal = C2BC1FE21B539C2500D1A603 /* Project object */;
			proxyType = 1;
			remoteGlobalIDString = C2BC1FE91B539C2500D1A603;
			remoteInfo = 3;
		};
/* End PBXContainerItemProxy section */

/* Begin PBXFileReference section */
		C2BC1FEA1B539C2500D1A603 /* 3.app */ = {isa = PBXFileReference; explicitFileType = wrapper.application; includeInIndex = 0; path = 3.app; sourceTree = BUILT_PRODUCTS_DIR; };
		C2BC1FEE1B539C2500D1A603 /* Info.plist */ = {isa = PBXFileReference; lastKnownFileType = text.plist.xml; path = Info.plist; sourceTree = "<group>"; };
		C2BC1FEF1B539C2500D1A603 /* main.m */ = {isa = PBXFileReference; lastKnownFileType = sourcecode.c.objc; path = main.m; sourceTree = "<group>"; };
		C2BC1FF11B539C2500D1A603 /* AppDelegate.h */ = {isa = PBXFileReference; lastKnownFileType = sourcecode.c.h; path = AppDelegate.h; sourceTree = "<group>"; };
		C2BC1FF21B539C2500D1A603 /* AppDelegate.m */ = {isa = PBXFileReference; lastKnownFileType = sourcecode.c.objc; path = AppDelegate.m; sourceTree = "<group>"; };
		C2BC1FF41B539C2500D1A603 /* ViewController.h */ = {isa = PBXFileReference; lastKnownFileType = sourcecode.c.h; path = ViewController.h; sourceTree = "<group>"; };
		C2BC1FF51B539C2500D1A603 /* ViewController.m */ = {isa = PBXFileReference; lastKnownFileType = sourcecode.c.objc; path = ViewController.m; sourceTree = "<group>"; };
		C2BC1FF81B539C2500D1A603 /* Base */ = {isa = PBXFileReference; lastKnownFileType = file.storyboard; name = Base; path = Base.lproj/Main.storyboard; sourceTree = "<group>"; };
		C2BC1FFA1B539C2500D1A603 /* Images.xcassets */ = {isa = PBXFileReference; lastKnownFileType = folder.assetcatalog; path = Images.xcassets; sourceTree = "<group>"; };
		C2BC1FFD1B539C2500D1A603 /* Base */ = {isa = PBXFileReference; lastKnownFileType = file.xib; name = Base; path = Base.lproj/LaunchScreen.xib; sourceTree = "<group>"; };
		C2BC20031B539C2500D1A603 /* 3Tests.xctest */ = {isa = PBXFileReference; explicitFileType = wrapper.cfbundle; includeInIndex = 0; path = 3Tests.xctest; sourceTree = BUILT_PRODUCTS_DIR; };
		C2BC20081B539C2500D1A603 /* Info.plist */ = {isa = PBXFileReference; lastKnownFileType = text.plist.xml; path = Info.plist; sourceTree = "<group>"; };
		C2BC20091B539C2500D1A603 /* _Tests.m */ = {isa = PBXFileReference; lastKnownFileType = sourcecode.c.objc; path = _Tests.m; sourceTree = "<group>"; };
/* End PBXFileReference section */

/* Begin PBXFrameworksBuildPhase section */
		C2BC1FE71B539C2500D1A603 /* Frameworks */ = {
			isa = PBXFrameworksBuildPhase;
			buildActionMask = 2147483647;
			files = (
			);
			runOnlyForDeploymentPostprocessing = 0;
		};
		C2BC20001B539C2500D1A603 /* Frameworks */ = {
			isa = PBXFrameworksBuildPhase;
			buildActionMask = 2147483647;
			files = (
			);
			runOnlyForDeploymentPostprocessing = 0;
		};
/* End PBXFrameworksBuildPhase section */

/* Begin PBXGroup section */
		C2BC1FE11B539C2500D1A603 = {
			isa = PBXGroup;
			children = (
				C2BC1FEC1B539C2500D1A603 /* 3 */,
				C2BC20061B539C2500D1A603 /* 3Tests */,
				C2BC1FEB1B539C2500D1A603 /* Products */,
			);
			sourceTree = "<group>";
		};
		C2BC1FEB1B539C2500D1A603 /* Products */ = {
			isa = PBXGroup;
			children = (
				C2BC1FEA1B539C2500D1A603 /* 3.app */,
				C2BC20031B539C2500D1A603 /* 3Tests.xctest */,
			);
			name = Products;
			sourceTree = "<group>";
		};
		C2BC1FEC1B539C2500D1A603 /* 3 */ = {
			isa = PBXGroup;
			children = (
				C2BC1FF11B539C2500D1A603 /* AppDelegate.h */,
				C2BC1FF21B539C2500D1A603 /* AppDelegate.m */,
				C2BC1FF41B539C2500D1A603 /* ViewController.h */,
				C2BC1FF51B539C2500D1A603 /* ViewController.m */,
				C2BC1FF71B539C2500D1A603 /* Main.storyboard */,
				C2BC1FFA1B539C2500D1A603 /* Images.xcassets */,
				C2BC1FFC1B539C2500D1A603 /* LaunchScreen.xib */,
				C2BC1FED1B539C2500D1A603 /* Supporting Files */,
			);
			path = 3;
			sourceTree = "<group>";
		};
		C2BC1FED1B539C2500D1A603 /* Supporting Files */ = {
			isa = PBXGroup;
			children = (
				C2BC1FEE1B539C2500D1A603 /* Info.plist */,
				C2BC1FEF1B539C2500D1A603 /* main.m */,
			);
			name = "Supporting Files";
			sourceTree = "<group>";
		};
		C2BC20061B539C2500D1A603 /* 3Tests */ = {
			isa = PBXGroup;
			children = (
				C2BC20091B539C2500D1A603 /* _Tests.m */,
				C2BC20071B539C2500D1A603 /* Supporting Files */,
			);
			path = 3Tests;
			sourceTree = "<group>";
		};
		C2BC20071B539C2500D1A603 /* Supporting Files */ = {
			isa = PBXGroup;
			children = (
				C2BC20081B539C2500D1A603 /* Info.plist */,
			);
			name = "Supporting Files";
			sourceTree = "<group>";
		};
/* End PBXGroup section */

/* Begin PBXNativeTarget section */
		C2BC1FE91B539C2500D1A603 /* 3 */ = {
			isa = PBXNativeTarget;
			buildConfigurationList = C2BC200D1B539C2500D1A603 /* Build configuration list for PBXNativeTarget "3" */;
			buildPhases = (
				C2BC1FE61B539C2500D1A603 /* Sources */,
				C2BC1FE71B539C2500D1A603 /* Frameworks */,
				C2BC1FE81B539C2500D1A603 /* Resources */,
			);
			buildRules = (
			);
			dependencies = (
			);
			name = 3;
			productName = 3;
			productReference = C2BC1FEA1B539C2500D1A603 /* 3.app */;
			productType = "com.apple.product-type.application";
		};
		C2BC20021B539C2500D1A603 /* 3Tests */ = {
			isa = PBXNativeTarget;
			buildConfigurationList = C2BC20101B539C2500D1A603 /* Build configuration list for PBXNativeTarget "3Tests" */;
			buildPhases = (
				C2BC1FFF1B539C2500D1A603 /* Sources */,
				C2BC20001B539C2500D1A603 /* Frameworks */,
				C2BC20011B539C2500D1A603 /* Resources */,
			);
			buildRules = (
			);
			dependencies = (
				C2BC20051B539C2500D1A603 /* PBXTargetDependency */,
			);
			name = 3Tests;
			productName = 3Tests;
			productReference = C2BC20031B539C2500D1A603 /* 3Tests.xctest */;
			productType = "com.apple.product-type.bundle.unit-test";
		};
/* End PBXNativeTarget section */

/* Begin PBXProject section */
		C2BC1FE21B539C2500D1A603 /* Project object */ = {
			isa = PBXProject;
			attributes = {
				LastUpgradeCheck = 0610;
				ORGANIZATIONNAME = my.com;
				TargetAttributes = {
					C2BC1FE91B539C2500D1A603 = {
						CreatedOnToolsVersion = 6.1.1;
					};
					C2BC20021B539C2500D1A603 = {
						CreatedOnToolsVersion = 6.1.1;
						TestTargetID = C2BC1FE91B539C2500D1A603;
					};
				};
			};
			buildConfigurationList = C2BC1FE51B539C2500D1A603 /* Build configuration list for PBXProject "3" */;
			compatibilityVersion = "Xcode 3.2";
			developmentRegion = English;
			hasScannedForEncodings = 0;
			knownRegions = (
				en,
				Base,
			);
			mainGroup = C2BC1FE11B539C2500D1A603;
			productRefGroup = C2BC1FEB1B539C2500D1A603 /* Products */;
			projectDirPath = "";
			projectRoot = "";
			targets = (
				C2BC1FE91B539C2500D1A603 /* 3 */,
				C2BC20021B539C2500D1A603 /* 3Tests */,
			);
		};
/* End PBXProject section */

/* Begin PBXResourcesBuildPhase section */
		C2BC1FE81B539C2500D1A603 /* Resources */ = {
			isa = PBXResourcesBuildPhase;
			buildActionMask = 2147483647;
			files = (
				C2BC1FF91B539C2500D1A603 /* Main.storyboard in Resources */,
				C2BC1FFE1B539C2500D1A603 /* LaunchScreen.xib in Resources */,
				C2BC1FFB1B539C2500D1A603 /* Images.xcassets in Resources */,
			);
			runOnlyForDeploymentPostprocessing = 0;
		};
		C2BC20011B539C2500D1A603 /* Resources */ = {
			isa = PBXResourcesBuildPhase;
			buildActionMask = 2147483647;
			files = (
			);
			runOnlyForDeploymentPostprocessing = 0;
		};
/* End PBXResourcesBuildPhase section */

/* Begin PBXSourcesBuildPhase section */
		C2BC1FE61B539C2500D1A603 /* Sources */ = {
			isa = PBXSourcesBuildPhase;
			buildActionMask = 2147483647;
			files = (
				C2BC1FF61B539C2500D1A603 /* ViewController.m in Sources */,
				C2BC1FF31B539C2500D1A603 /* AppDelegate.m in Sources */,
				C2BC1FF01B539C2500D1A603 /* main.m in Sources */,
			);
			runOnlyForDeploymentPostprocessing = 0;
		};
		C2BC1FFF1B539C2500D1A603 /* Sources */ = {
			isa = PBXSourcesBuildPhase;
			buildActionMask = 2147483647;
			files = (
				C2BC200A1B539C2500D1A603 /* _Tests.m in Sources */,
			);
			runOnlyForDeploymentPostprocessing = 0;
		};
/* End PBXSourcesBuildPhase section */

/* Begin PBXTargetDependency section */
		C2BC20051B539C2500D1A603 /* PBXTargetDependency */ = {
			isa = PBXTargetDependency;
			target = C2BC1FE91B539C2500D1A603 /* 3 */;
			targetProxy = C2BC20041B539C2500D1A603 /* PBXContainerItemProxy */;
		};
/* End PBXTargetDependency section */

/* Begin PBXVariantGroup section */
		C2BC1FF71B539C2500D1A603 /* Main.storyboard */ = {
			isa = PBXVariantGroup;
			children = (
				C2BC1FF81B539C2500D1A603 /* Base */,
			);
			name = Main.storyboard;
			sourceTree = "<group>";
		};
		C2BC1FFC1B539C2500D1A603 /* LaunchScreen.xib */ = {
			isa = PBXVariantGroup;
			children = (
				C2BC1FFD1B539C2500D1A603 /* Base */,
			);
			name = LaunchScreen.xib;
			sourceTree = "<group>";
		};
/* End PBXVariantGroup section */

/* Begin XCBuildConfiguration section */
		C2BC200B1B539C2500D1A603 /* Debug */ = {
			isa = XCBuildConfiguration;
			buildSettings = {
				ALWAYS_SEARCH_USER_PATHS = NO;
				CLANG_CXX_LANGUAGE_STANDARD = "gnu++0x";
				CLANG_CXX_LIBRARY = "libc++";
				CLANG_ENABLE_MODULES = YES;
				CLANG_ENABLE_OBJC_ARC = YES;
				CLANG_WARN_BOOL_CONVERSION = YES;
				CLANG_WARN_CONSTANT_CONVERSION = YES;
				CLANG_WARN_DIRECT_OBJC_ISA_USAGE = YES_ERROR;
				CLANG_WARN_EMPTY_BODY = YES;
				CLANG_WARN_ENUM_CONVERSION = YES;
				CLANG_WARN_INT_CONVERSION = YES;
				CLANG_WARN_OBJC_ROOT_CLASS = YES_ERROR;
				CLANG_WARN_UNREACHABLE_CODE = YES;
				CLANG_WARN__DUPLICATE_METHOD_MATCH = YES;
				"CODE_SIGN_IDENTITY[sdk=iphoneos*]" = "iPhone Developer";
				COPY_PHASE_STRIP = NO;
				ENABLE_STRICT_OBJC_MSGSEND = YES;
				GCC_C_LANGUAGE_STANDARD = gnu99;
				GCC_DYNAMIC_NO_PIC = NO;
				GCC_OPTIMIZATION_LEVEL = 0;
				GCC_PREPROCESSOR_DEFINITIONS = (
					"DEBUG=1",
					"$(inherited)",
				);
				GCC_SYMBOLS_PRIVATE_EXTERN = NO;
				GCC_WARN_64_TO_32_BIT_CONVERSION = YES;
				GCC_WARN_ABOUT_RETURN_TYPE = YES_ERROR;
				GCC_WARN_UNDECLARED_SELECTOR = YES;
				GCC_WARN_UNINITIALIZED_AUTOS = YES_AGGRESSIVE;
				GCC_WARN_UNUSED_FUNCTION = YES;
				GCC_WARN_UNUSED_VARIABLE = YES;
				IPHONEOS_DEPLOYMENT_TARGET = 8.1;
				MTL_ENABLE_DEBUG_INFO = YES;
				ONLY_ACTIVE_ARCH = YES;
				SDKROOT = iphoneos;
			};
			name = Debug;
		};
		C2BC200C1B539C2500D1A603 /* Release */ = {
			isa = XCBuildConfiguration;
			buildSettings = {
				ALWAYS_SEARCH_USER_PATHS = NO;
				CLANG_CXX_LANGUAGE_STANDARD = "gnu++0x";
				CLANG_CXX_LIBRARY = "libc++";
				CLANG_ENABLE_MODULES = YES;
				CLANG_ENABLE_OBJC_ARC = YES;
				CLANG_WARN_BOOL_CONVERSION = YES;
				CLANG_WARN_CONSTANT_CONVERSION = YES;
				CLANG_WARN_DIRECT_OBJC_ISA_USAGE = YES_ERROR;
				CLANG_WARN_EMPTY_BODY = YES;
				CLANG_WARN_ENUM_CONVERSION = YES;
				CLANG_WARN_INT_CONVERSION = YES;
				CLANG_WARN_OBJC_ROOT_CLASS = YES_ERROR;
				CLANG_WARN_UNREACHABLE_CODE = YES;
				CLANG_WARN__DUPLICATE_METHOD_MATCH = YES;
				"CODE_SIGN_IDENTITY[sdk=iphoneos*]" = "iPhone Developer";
				COPY_PHASE_STRIP = YES;
				ENABLE_NS_ASSERTIONS = NO;
				ENABLE_STRICT_OBJC_MSGSEND = YES;
				GCC_C_LANGUAGE_STANDARD = gnu99;
				GCC_WARN_64_TO_32_BIT_CONVERSION = YES;
				GCC_WARN_ABOUT_RETURN_TYPE = YES_ERROR;
				GCC_WARN_UNDECLARED_SELECTOR = YES;
				GCC_WARN_UNINITIALIZED_AUTOS = YES_AGGRESSIVE;
				GCC_WARN_UNUSED_FUNCTION = YES;
				GCC_WARN_UNUSED_VARIABLE = YES;
				IPHONEOS_DEPLOYMENT_TARGET = 8.1;
				MTL_ENABLE_DEBUG_INFO = NO;
				SDKROOT = iphoneos;
				VALIDATE_PRODUCT = YES;
			};
			name = Release;
		};
		C2BC200E1B539C2500D1A603 /* Debug */ = {
			isa = XCBuildConfiguration;
			buildSettings = {
				ASSETCATALOG_COMPILER_APPICON_NAME = AppIcon;
				INFOPLIST_FILE = 3/Info.plist;
				LD_RUNPATH_SEARCH_PATHS = "$(inherited) @executable_path/Frameworks";
				PRODUCT_NAME = "$(TARGET_NAME)";
			};
			name = Debug;
		};
		C2BC200F1B539C2500D1A603 /* Release */ = {
			isa = XCBuildConfiguration;
			buildSettings = {
				ASSETCATALOG_COMPILER_APPICON_NAME = AppIcon;
				INFOPLIST_FILE = 3/Info.plist;
				LD_RUNPATH_SEARCH_PATHS = "$(inherited) @executable_path/Frameworks";
				PRODUCT_NAME = "$(TARGET_NAME)";
			};
			name = Release;
		};
		C2BC20111B539C2500D1A603 /* Debug */ = {
			isa = XCBuildConfiguration;
			buildSettings = {
				BUNDLE_LOADER = "$(TEST_HOST)";
				FRAMEWORK_SEARCH_PATHS = (
					"$(SDKROOT)/Developer/Library/Frameworks",
					"$(inherited)",
				);
				GCC_PREPROCESSOR_DEFINITIONS = (
					"DEBUG=1",
					"$(inherited)",
				);
				INFOPLIST_FILE = 3Tests/Info.plist;
				LD_RUNPATH_SEARCH_PATHS = "$(inherited) @executable_path/Frameworks @loader_path/Frameworks";
				PRODUCT_NAME = "$(TARGET_NAME)";
				TEST_HOST = "$(BUILT_PRODUCTS_DIR)/3.app/3";
			};
			name = Debug;
		};
		C2BC20121B539C2500D1A603 /* Release */ = {
			isa = XCBuildConfiguration;
			buildSettings = {
				BUNDLE_LOADER = "$(TEST_HOST)";
				FRAMEWORK_SEARCH_PATHS = (
					"$(SDKROOT)/Developer/Library/Frameworks",
					"$(inherited)",
				);
				INFOPLIST_FILE = 3Tests/Info.plist;
				LD_RUNPATH_SEARCH_PATHS = "$(inherited) @executable_path/Frameworks @loader_path/Frameworks";
				PRODUCT_NAME = "$(TARGET_NAME)";
				TEST_HOST = "$(BUILT_PRODUCTS_DIR)/3.app/3";
			};
			name = Release;
		};
/* End XCBuildConfiguration section */

/* Begin XCConfigurationList section */
		C2BC1FE51B539C2500D1A603 /* Build configuration list for PBXProject "3" */ = {
			isa = XCConfigurationList;
			buildConfigurations = (
				C2BC200B1B539C2500D1A603 /* Debug */,
				C2BC200C1B539C2500D1A603 /* Release */,
			);
			defaultConfigurationIsVisible = 0;
			defaultConfigurationName = Release;
		};
		C2BC200D1B539C2500D1A603 /* Build configuration list for PBXNativeTarget "3" */ = {
			isa = XCConfigurationList;
			buildConfigurations = (
				C2BC200E1B539C2500D1A603 /* Debug */,
				C2BC200F1B539C2500D1A603 /* Release */,
			);
			defaultConfigurationIsVisible = 0;
		};
		C2BC20101B539C2500D1A603 /* Build configuration list for PBXNativeTarget "3Tests" */ = {
			isa = XCConfigurationList;
			buildConfigurations = (
				C2BC20111B539C2500D1A603 /* Debug */,
				C2BC20121B539C2500D1A603 /* Release */,
			);
			defaultConfigurationIsVisible = 0;
		};
/* End XCConfigurationList section */
	};
	rootObject = C2BC1FE21B539C2500D1A603 /* Project object */;
}
