// !$*UTF8*$!
{
	archiveVersion = 1;
	classes = {
	};
	objectVersion = 46;
	objects = {

/* Begin PBXBuildFile section */
		C2BC1F901B53978000D1A603 /* main.m in Sources */ = {isa = PBXBuildFile; fileRef = C2BC1F8F1B53978000D1A603 /* main.m */; };
		C2BC1F931B53978000D1A603 /* AppDelegate.m in Sources */ = {isa = PBXBuildFile; fileRef = C2BC1F921B53978000D1A603 /* AppDelegate.m */; };
		C2BC1F951B53978000D1A603 /* 2222222-Prefix.pch in Resources */ = {isa = PBXBuildFile; fileRef = C2BC1F941B53978000D1A603 /* 2222222-Prefix.pch */; };
		C2BC1F971B53978000D1A603 /* Images.xcassets in Resources */ = {isa = PBXBuildFile; fileRef = C2BC1F961B53978000D1A603 /* Images.xcassets */; };
		C2BC1F9A1B53978000D1A603 /* LaunchScreen.xib in Resources */ = {isa = PBXBuildFile; fileRef = C2BC1F981B53978000D1A603 /* LaunchScreen.xib */; };
		C2BC1FA61B53978000D1A603 /* _222222Tests.m in Sources */ = {isa = PBXBuildFile; fileRef = C2BC1FA51B53978000D1A603 /* _222222Tests.m */; };
/* End PBXBuildFile section */

/* Begin PBXContainerItemProxy section */
		C2BC1FA01B53978000D1A603 /* PBXContainerItemProxy */ = {
			isa = PBXContainerItemProxy;
			containerPortal = C2BC1F821B53978000D1A603 /* Project object */;
			proxyType = 1;
			remoteGlobalIDString = C2BC1F891B53978000D1A603;
			remoteInfo = 2222222;
		};
/* End PBXContainerItemProxy section */

/* Begin PBXFileReference section */
		C2BC1F8A1B53978000D1A603 /* 2222222.app */ = {isa = PBXFileReference; explicitFileType = wrapper.application; includeInIndex = 0; path = 2222222.app; sourceTree = BUILT_PRODUCTS_DIR; };
		C2BC1F8E1B53978000D1A603 /* Info.plist */ = {isa = PBXFileReference; lastKnownFileType = text.plist.xml; path = Info.plist; sourceTree = "<group>"; };
		C2BC1F8F1B53978000D1A603 /* main.m */ = {isa = PBXFileReference; lastKnownFileType = sourcecode.c.objc; path = main.m; sourceTree = "<group>"; };
		C2BC1F911B53978000D1A603 /* AppDelegate.h */ = {isa = PBXFileReference; lastKnownFileType = sourcecode.c.h; path = AppDelegate.h; sourceTree = "<group>"; };
		C2BC1F921B53978000D1A603 /* AppDelegate.m */ = {isa = PBXFileReference; lastKnownFileType = sourcecode.c.objc; path = AppDelegate.m; sourceTree = "<group>"; };
		C2BC1F941B53978000D1A603 /* 2222222-Prefix.pch */ = {isa = PBXFileReference; lastKnownFileType = sourcecode.c.h; path = "2222222-Prefix.pch"; sourceTree = "<group>"; };
		C2BC1F961B53978000D1A603 /* Images.xcassets */ = {isa = PBXFileReference; lastKnownFileType = folder.assetcatalog; path = Images.xcassets; sourceTree = "<group>"; };
		C2BC1F991B53978000D1A603 /* Base */ = {isa = PBXFileReference; lastKnownFileType = file.xib; name = Base; path = Base.lproj/LaunchScreen.xib; sourceTree = "<group>"; };
		C2BC1F9F1B53978000D1A603 /* 2222222Tests.xctest */ = {isa = PBXFileReference; explicitFileType = wrapper.cfbundle; includeInIndex = 0; path = 2222222Tests.xctest; sourceTree = BUILT_PRODUCTS_DIR; };
		C2BC1FA41B53978000D1A603 /* Info.plist */ = {isa = PBXFileReference; lastKnownFileType = text.plist.xml; path = Info.plist; sourceTree = "<group>"; };
		C2BC1FA51B53978000D1A603 /* _222222Tests.m */ = {isa = PBXFileReference; lastKnownFileType = sourcecode.c.objc; path = _222222Tests.m; sourceTree = "<group>"; };
/* End PBXFileReference section */

/* Begin PBXFrameworksBuildPhase section */
		C2BC1F871B53978000D1A603 /* Frameworks */ = {
			isa = PBXFrameworksBuildPhase;
			buildActionMask = 2147483647;
			files = (
			);
			runOnlyForDeploymentPostprocessing = 0;
		};
		C2BC1F9C1B53978000D1A603 /* Frameworks */ = {
			isa = PBXFrameworksBuildPhase;
			buildActionMask = 2147483647;
			files = (
			);
			runOnlyForDeploymentPostprocessing = 0;
		};
/* End PBXFrameworksBuildPhase section */

/* Begin PBXGroup section */
		C2BC1F811B53978000D1A603 = {
			isa = PBXGroup;
			children = (
				C2BC1F8C1B53978000D1A603 /* 2222222 */,
				C2BC1FA21B53978000D1A603 /* 2222222Tests */,
				C2BC1F8B1B53978000D1A603 /* Products */,
			);
			sourceTree = "<group>";
		};
		C2BC1F8B1B53978000D1A603 /* Products */ = {
			isa = PBXGroup;
			children = (
				C2BC1F8A1B53978000D1A603 /* 2222222.app */,
				C2BC1F9F1B53978000D1A603 /* 2222222Tests.xctest */,
			);
			name = Products;
			sourceTree = "<group>";
		};
		C2BC1F8C1B53978000D1A603 /* 2222222 */ = {
			isa = PBXGroup;
			children = (
				C2BC1F911B53978000D1A603 /* AppDelegate.h */,
				C2BC1F921B53978000D1A603 /* AppDelegate.m */,
				C2BC1F941B53978000D1A603 /* 2222222-Prefix.pch */,
				C2BC1F961B53978000D1A603 /* Images.xcassets */,
				C2BC1F981B53978000D1A603 /* LaunchScreen.xib */,
				C2BC1F8D1B53978000D1A603 /* Supporting Files */,
			);
			path = 2222222;
			sourceTree = "<group>";
		};
		C2BC1F8D1B53978000D1A603 /* Supporting Files */ = {
			isa = PBXGroup;
			children = (
				C2BC1F8E1B53978000D1A603 /* Info.plist */,
				C2BC1F8F1B53978000D1A603 /* main.m */,
			);
			name = "Supporting Files";
			sourceTree = "<group>";
		};
		C2BC1FA21B53978000D1A603 /* 2222222Tests */ = {
			isa = PBXGroup;
			children = (
				C2BC1FA51B53978000D1A603 /* _222222Tests.m */,
				C2BC1FA31B53978000D1A603 /* Supporting Files */,
			);
			path = 2222222Tests;
			sourceTree = "<group>";
		};
		C2BC1FA31B53978000D1A603 /* Supporting Files */ = {
			isa = PBXGroup;
			children = (
				C2BC1FA41B53978000D1A603 /* Info.plist */,
			);
			name = "Supporting Files";
			sourceTree = "<group>";
		};
/* End PBXGroup section */

/* Begin PBXNativeTarget section */
		C2BC1F891B53978000D1A603 /* 2222222 */ = {
			isa = PBXNativeTarget;
			buildConfigurationList = C2BC1FA91B53978000D1A603 /* Build configuration list for PBXNativeTarget "2222222" */;
			buildPhases = (
				C2BC1F861B53978000D1A603 /* Sources */,
				C2BC1F871B53978000D1A603 /* Frameworks */,
				C2BC1F881B53978000D1A603 /* Resources */,
			);
			buildRules = (
			);
			dependencies = (
			);
			name = 2222222;
			productName = 2222222;
			productReference = C2BC1F8A1B53978000D1A603 /* 2222222.app */;
			productType = "com.apple.product-type.application";
		};
		C2BC1F9E1B53978000D1A603 /* 2222222Tests */ = {
			isa = PBXNativeTarget;
			buildConfigurationList = C2BC1FAC1B53978000D1A603 /* Build configuration list for PBXNativeTarget "2222222Tests" */;
			buildPhases = (
				C2BC1F9B1B53978000D1A603 /* Sources */,
				C2BC1F9C1B53978000D1A603 /* Frameworks */,
				C2BC1F9D1B53978000D1A603 /* Resources */,
			);
			buildRules = (
			);
			dependencies = (
				C2BC1FA11B53978000D1A603 /* PBXTargetDependency */,
			);
			name = 2222222Tests;
			productName = 2222222Tests;
			productReference = C2BC1F9F1B53978000D1A603 /* 2222222Tests.xctest */;
			productType = "com.apple.product-type.bundle.unit-test";
		};
/* End PBXNativeTarget section */

/* Begin PBXProject section */
		C2BC1F821B53978000D1A603 /* Project object */ = {
			isa = PBXProject;
			attributes = {
				LastUpgradeCheck = 0610;
				ORGANIZATIONNAME = my.com;
				TargetAttributes = {
					C2BC1F891B53978000D1A603 = {
						CreatedOnToolsVersion = 6.1.1;
					};
					C2BC1F9E1B53978000D1A603 = {
						CreatedOnToolsVersion = 6.1.1;
						TestTargetID = C2BC1F891B53978000D1A603;
					};
				};
			};
			buildConfigurationList = C2BC1F851B53978000D1A603 /* Build configuration list for PBXProject "2222222" */;
			compatibilityVersion = "Xcode 3.2";
			developmentRegion = English;
			hasScannedForEncodings = 0;
			knownRegions = (
				en,
				Base,
			);
			mainGroup = C2BC1F811B53978000D1A603;
			productRefGroup = C2BC1F8B1B53978000D1A603 /* Products */;
			projectDirPath = "";
			projectRoot = "";
			targets = (
				C2BC1F891B53978000D1A603 /* 2222222 */,
				C2BC1F9E1B53978000D1A603 /* 2222222Tests */,
			);
		};
/* End PBXProject section */

/* Begin PBXResourcesBuildPhase section */
		C2BC1F881B53978000D1A603 /* Resources */ = {
			isa = PBXResourcesBuildPhase;
			buildActionMask = 2147483647;
			files = (
				C2BC1F951B53978000D1A603 /* 2222222-Prefix.pch in Resources */,
				C2BC1F9A1B53978000D1A603 /* LaunchScreen.xib in Resources */,
				C2BC1F971B53978000D1A603 /* Images.xcassets in Resources */,
			);
			runOnlyForDeploymentPostprocessing = 0;
		};
		C2BC1F9D1B53978000D1A603 /* Resources */ = {
			isa = PBXResourcesBuildPhase;
			buildActionMask = 2147483647;
			files = (
			);
			runOnlyForDeploymentPostprocessing = 0;
		};
/* End PBXResourcesBuildPhase section */

/* Begin PBXSourcesBuildPhase section */
		C2BC1F861B53978000D1A603 /* Sources */ = {
			isa = PBXSourcesBuildPhase;
			buildActionMask = 2147483647;
			files = (
				C2BC1F931B53978000D1A603 /* AppDelegate.m in Sources */,
				C2BC1F901B53978000D1A603 /* main.m in Sources */,
			);
			runOnlyForDeploymentPostprocessing = 0;
		};
		C2BC1F9B1B53978000D1A603 /* Sources */ = {
			isa = PBXSourcesBuildPhase;
			buildActionMask = 2147483647;
			files = (
				C2BC1FA61B53978000D1A603 /* _222222Tests.m in Sources */,
			);
			runOnlyForDeploymentPostprocessing = 0;
		};
/* End PBXSourcesBuildPhase section */

/* Begin PBXTargetDependency section */
		C2BC1FA11B53978000D1A603 /* PBXTargetDependency */ = {
			isa = PBXTargetDependency;
			target = C2BC1F891B53978000D1A603 /* 2222222 */;
			targetProxy = C2BC1FA01B53978000D1A603 /* PBXContainerItemProxy */;
		};
/* End PBXTargetDependency section */

/* Begin PBXVariantGroup section */
		C2BC1F981B53978000D1A603 /* LaunchScreen.xib */ = {
			isa = PBXVariantGroup;
			children = (
				C2BC1F991B53978000D1A603 /* Base */,
			);
			name = LaunchScreen.xib;
			sourceTree = "<group>";
		};
/* End PBXVariantGroup section */

/* Begin XCBuildConfiguration section */
		C2BC1FA71B53978000D1A603 /* Debug */ = {
			isa = XCBuildConfiguration;
			buildSettings = {
				ALWAYS_SEARCH_USER_PATHS = NO;
				CLANG_CXX_LANGUAGE_STANDARD = "gnu++0x";
				CLANG_CXX_LIBRARY = "libc++";
				CLANG_ENABLE_MODULES = YES;
				CLANG_ENABLE_OBJC_ARC = YES;
				CLANG_WARN_BOOL_CONVERSION = YES;
				CLANG_WARN_CONSTANT_CONVERSION = YES;
				CLANG_WARN_DIRECT_OBJC_ISA_USAGE = YES_ERROR;
				CLANG_WARN_EMPTY_BODY = YES;
				CLANG_WARN_ENUM_CONVERSION = YES;
				CLANG_WARN_INT_CONVERSION = YES;
				CLANG_WARN_OBJC_ROOT_CLASS = YES_ERROR;
				CLANG_WARN_UNREACHABLE_CODE = YES;
				CLANG_WARN__DUPLICATE_METHOD_MATCH = YES;
				"CODE_SIGN_IDENTITY[sdk=iphoneos*]" = "iPhone Developer";
				COPY_PHASE_STRIP = NO;
				ENABLE_STRICT_OBJC_MSGSEND = YES;
				GCC_C_LANGUAGE_STANDARD = gnu99;
				GCC_DYNAMIC_NO_PIC = NO;
				GCC_OPTIMIZATION_LEVEL = 0;
				GCC_PREPROCESSOR_DEFINITIONS = (
					"DEBUG=1",
					"$(inherited)",
				);
				GCC_SYMBOLS_PRIVATE_EXTERN = NO;
				GCC_WARN_64_TO_32_BIT_CONVERSION = YES;
				GCC_WARN_ABOUT_RETURN_TYPE = YES_ERROR;
				GCC_WARN_UNDECLARED_SELECTOR = YES;
				GCC_WARN_UNINITIALIZED_AUTOS = YES_AGGRESSIVE;
				GCC_WARN_UNUSED_FUNCTION = YES;
				GCC_WARN_UNUSED_VARIABLE = YES;
				IPHONEOS_DEPLOYMENT_TARGET = 8.1;
				MTL_ENABLE_DEBUG_INFO = YES;
				ONLY_ACTIVE_ARCH = YES;
				SDKROOT = iphoneos;
			};
			name = Debug;
		};
		C2BC1FA81B53978000D1A603 /* Release */ = {
			isa = XCBuildConfiguration;
			buildSettings = {
				ALWAYS_SEARCH_USER_PATHS = NO;
				CLANG_CXX_LANGUAGE_STANDARD = "gnu++0x";
				CLANG_CXX_LIBRARY = "libc++";
				CLANG_ENABLE_MODULES = YES;
				CLANG_ENABLE_OBJC_ARC = YES;
				CLANG_WARN_BOOL_CONVERSION = YES;
				CLANG_WARN_CONSTANT_CONVERSION = YES;
				CLANG_WARN_DIRECT_OBJC_ISA_USAGE = YES_ERROR;
				CLANG_WARN_EMPTY_BODY = YES;
				CLANG_WARN_ENUM_CONVERSION = YES;
				CLANG_WARN_INT_CONVERSION = YES;
				CLANG_WARN_OBJC_ROOT_CLASS = YES_ERROR;
				CLANG_WARN_UNREACHABLE_CODE = YES;
				CLANG_WARN__DUPLICATE_METHOD_MATCH = YES;
				"CODE_SIGN_IDENTITY[sdk=iphoneos*]" = "iPhone Developer";
				COPY_PHASE_STRIP = YES;
				ENABLE_NS_ASSERTIONS = NO;
				ENABLE_STRICT_OBJC_MSGSEND = YES;
				GCC_C_LANGUAGE_STANDARD = gnu99;
				GCC_WARN_64_TO_32_BIT_CONVERSION = YES;
				GCC_WARN_ABOUT_RETURN_TYPE = YES_ERROR;
				GCC_WARN_UNDECLARED_SELECTOR = YES;
				GCC_WARN_UNINITIALIZED_AUTOS = YES_AGGRESSIVE;
				GCC_WARN_UNUSED_FUNCTION = YES;
				GCC_WARN_UNUSED_VARIABLE = YES;
				IPHONEOS_DEPLOYMENT_TARGET = 8.1;
				MTL_ENABLE_DEBUG_INFO = NO;
				SDKROOT = iphoneos;
				VALIDATE_PRODUCT = YES;
			};
			name = Release;
		};
		C2BC1FAA1B53978000D1A603 /* Debug */ = {
			isa = XCBuildConfiguration;
			buildSettings = {
				ASSETCATALOG_COMPILER_APPICON_NAME = AppIcon;
				INFOPLIST_FILE = 2222222/Info.plist;
				LD_RUNPATH_SEARCH_PATHS = "$(inherited) @executable_path/Frameworks";
				PRODUCT_NAME = "$(TARGET_NAME)";
			};
			name = Debug;
		};
		C2BC1FAB1B53978000D1A603 /* Release */ = {
			isa = XCBuildConfiguration;
			buildSettings = {
				ASSETCATALOG_COMPILER_APPICON_NAME = AppIcon;
				INFOPLIST_FILE = 2222222/Info.plist;
				LD_RUNPATH_SEARCH_PATHS = "$(inherited) @executable_path/Frameworks";
				PRODUCT_NAME = "$(TARGET_NAME)";
			};
			name = Release;
		};
		C2BC1FAD1B53978000D1A603 /* Debug */ = {
			isa = XCBuildConfiguration;
			buildSettings = {
				BUNDLE_LOADER = "$(TEST_HOST)";
				FRAMEWORK_SEARCH_PATHS = (
					"$(SDKROOT)/Developer/Library/Frameworks",
					"$(inherited)",
				);
				GCC_PREPROCESSOR_DEFINITIONS = (
					"DEBUG=1",
					"$(inherited)",
				);
				INFOPLIST_FILE = 2222222Tests/Info.plist;
				LD_RUNPATH_SEARCH_PATHS = "$(inherited) @executable_path/Frameworks @loader_path/Frameworks";
				PRODUCT_NAME = "$(TARGET_NAME)";
				TEST_HOST = "$(BUILT_PRODUCTS_DIR)/2222222.app/2222222";
			};
			name = Debug;
		};
		C2BC1FAE1B53978000D1A603 /* Release */ = {
			isa = XCBuildConfiguration;
			buildSettings = {
				BUNDLE_LOADER = "$(TEST_HOST)";
				FRAMEWORK_SEARCH_PATHS = (
					"$(SDKROOT)/Developer/Library/Frameworks",
					"$(inherited)",
				);
				INFOPLIST_FILE = 2222222Tests/Info.plist;
				LD_RUNPATH_SEARCH_PATHS = "$(inherited) @executable_path/Frameworks @loader_path/Frameworks";
				PRODUCT_NAME = "$(TARGET_NAME)";
				TEST_HOST = "$(BUILT_PRODUCTS_DIR)/2222222.app/2222222";
			};
			name = Release;
		};
/* End XCBuildConfiguration section */

/* Begin XCConfigurationList section */
		C2BC1F851B53978000D1A603 /* Build configuration list for PBXProject "2222222" */ = {
			isa = XCConfigurationList;
			buildConfigurations = (
				C2BC1FA71B53978000D1A603 /* Debug */,
				C2BC1FA81B53978000D1A603 /* Release */,
			);
			defaultConfigurationIsVisible = 0;
			defaultConfigurationName = Release;
		};
		C2BC1FA91B53978000D1A603 /* Build configuration list for PBXNativeTarget "2222222" */ = {
			isa = XCConfigurationList;
			buildConfigurations = (
				C2BC1FAA1B53978000D1A603 /* Debug */,
				C2BC1FAB1B53978000D1A603 /* Release */,
			);
			defaultConfigurationIsVisible = 0;
		};
		C2BC1FAC1B53978000D1A603 /* Build configuration list for PBXNativeTarget "2222222Tests" */ = {
			isa = XCConfigurationList;
			buildConfigurations = (
				C2BC1FAD1B53978000D1A603 /* Debug */,
				C2BC1FAE1B53978000D1A603 /* Release */,
			);
			defaultConfigurationIsVisible = 0;
		};
/* End XCConfigurationList section */
	};
	rootObject = C2BC1F821B53978000D1A603 /* Project object */;
}
